// !$*UTF8*$!
{
	archiveVersion = 1;
	classes = {
	};
	objectVersion = 56;
	objects = {

/* Begin PBXBuildFile section */
		0A9E3B8C2C02000100A00001 /* BarrelApp.swift in Sources */ = {isa = PBXBuildFile; fileRef = 0A9E3B8B2C02000100A00001 /* BarrelApp.swift */; };
		0A9E3B8E2C02000100A00001 /* ShelfItem.swift in Sources */ = {isa = PBXBuildFile; fileRef = 0A9E3B8D2C02000100A00001 /* ShelfItem.swift */; };
		0A9E3B902C02000100A00001 /* ShelfStore.swift in Sources */ = {isa = PBXBuildFile; fileRef = 0A9E3B8F2C02000100A00001 /* ShelfStore.swift */; };
		0A9E3B922C02000100A00001 /* ImportService.swift in Sources */ = {isa = PBXBuildFile; fileRef = 0A9E3B912C02000100A00001 /* ImportService.swift */; };
		0A9E3B942C02000100A00001 /* ContentView.swift in Sources */ = {isa = PBXBuildFile; fileRef = 0A9E3B932C02000100A00001 /* ContentView.swift */; };
		0A9E3B962C02000100A00001 /* ShelfItemRow.swift in Sources */ = {isa = PBXBuildFile; fileRef = 0A9E3B952C02000100A00001 /* ShelfItemRow.swift */; };
		0A9E3B982C02000100A00001 /* ShelfDetailView.swift in Sources */ = {isa = PBXBuildFile; fileRef = 0A9E3B972C02000100A00001 /* ShelfDetailView.swift */; };
		0A9E3B9A2C02000100A00001 /* QuickLookPreview.swift in Sources */ = {isa = PBXBuildFile; fileRef = 0A9E3B992C02000100A00001 /* QuickLookPreview.swift */; };
		0A9E3B9C2C02000100A00001 /* Assets.xcassets in Resources */ = {isa = PBXBuildFile; fileRef = 0A9E3B9B2C02000100A00001 /* Assets.xcassets */; };
		0A9E3B9E2C02000100A00001 /* ShelfItem+Preview.swift in Sources */ = {isa = PBXBuildFile; fileRef = 0A9E3B9D2C02000100A00001 /* ShelfItem+Preview.swift */; };
/* End PBXBuildFile section */

/* Begin PBXFileReference section */
		0A9E3B772C02000100A00001 /* Barrel.app */ = {isa = PBXFileReference; explicitFileType = wrapper.application; includeInIndex = 0; path = Barrel.app; sourceTree = BUILT_PRODUCTS_DIR; };
		0A9E3B8A2C02000100A00001 /* Info.plist */ = {isa = PBXFileReference; lastKnownFileType = text.plist.xml; path = Info.plist; sourceTree = "<group>"; };
		0A9E3B8B2C02000100A00001 /* BarrelApp.swift */ = {isa = PBXFileReference; lastKnownFileType = sourcecode.swift; path = BarrelApp.swift; sourceTree = "<group>"; };
		0A9E3B8D2C02000100A00001 /* ShelfItem.swift */ = {isa = PBXFileReference; lastKnownFileType = sourcecode.swift; path = ShelfItem.swift; sourceTree = "<group>"; };
		0A9E3B8F2C02000100A00001 /* ShelfStore.swift */ = {isa = PBXFileReference; lastKnownFileType = sourcecode.swift; path = ShelfStore.swift; sourceTree = "<group>"; };
		0A9E3B912C02000100A00001 /* ImportService.swift */ = {isa = PBXFileReference; lastKnownFileType = sourcecode.swift; path = ImportService.swift; sourceTree = "<group>"; };
		0A9E3B932C02000100A00001 /* ContentView.swift */ = {isa = PBXFileReference; lastKnownFileType = sourcecode.swift; path = ContentView.swift; sourceTree = "<group>"; };
		0A9E3B952C02000100A00001 /* ShelfItemRow.swift */ = {isa = PBXFileReference; lastKnownFileType = sourcecode.swift; path = ShelfItemRow.swift; sourceTree = "<group>"; };
		0A9E3B972C02000100A00001 /* ShelfDetailView.swift */ = {isa = PBXFileReference; lastKnownFileType = sourcecode.swift; path = ShelfDetailView.swift; sourceTree = "<group>"; };
		0A9E3B992C02000100A00001 /* QuickLookPreview.swift */ = {isa = PBXFileReference; lastKnownFileType = sourcecode.swift; path = QuickLookPreview.swift; sourceTree = "<group>"; };
		0A9E3B9B2C02000100A00001 /* Assets.xcassets */ = {isa = PBXFileReference; lastKnownFileType = folder.assetcatalog; path = Assets.xcassets; sourceTree = "<group>"; };
		0A9E3B9D2C02000100A00001 /* ShelfItem+Preview.swift */ = {isa = PBXFileReference; lastKnownFileType = sourcecode.swift; path = "ShelfItem+Preview.swift"; sourceTree = "<group>"; };
/* End PBXFileReference section */

/* Begin PBXFrameworksBuildPhase section */
		0A9E3B742C02000100A00001 /* Frameworks */ = {
			isa = PBXFrameworksBuildPhase;
			buildActionMask = 2147483647;
			files = (
			);
			runOnlyForDeploymentPostprocessing = 0;
		};
/* End PBXFrameworksBuildPhase section */

/* Begin PBXGroup section */
		0A9E3B6E2C02000100A00001 = {
			isa = PBXGroup;
			children = (
				0A9E3B792C02000100A00001 /* Barrel */,
				0A9E3B782C02000100A00001 /* Products */,
			);
			sourceTree = "<group>";
		};
		0A9E3B782C02000100A00001 /* Products */ = {
			isa = PBXGroup;
			children = (
				0A9E3B772C02000100A00001 /* Barrel.app */,
			);
			name = Products;
			sourceTree = "<group>";
		};
		0A9E3B792C02000100A00001 /* Barrel */ = {
			isa = PBXGroup;
			children = (
				0A9E3B8A2C02000100A00001 /* Info.plist */,
				0A9E3B8B2C02000100A00001 /* BarrelApp.swift */,
				0A9E3B7A2C02000100A00001 /* Models */,
				0A9E3B7B2C02000100A00001 /* Services */,
				0A9E3B7C2C02000100A00001 /* Views */,
				0A9E3B9B2C02000100A00001 /* Assets.xcassets */,
			);
			path = Barrel;
			sourceTree = "<group>";
		};
		0A9E3B7A2C02000100A00001 /* Models */ = {
			isa = PBXGroup;
			children = (
				0A9E3B8D2C02000100A00001 /* ShelfItem.swift */,
				0A9E3B9D2C02000100A00001 /* ShelfItem+Preview.swift */,
			);
			path = Models;
			sourceTree = "<group>";
		};
		0A9E3B7B2C02000100A00001 /* Services */ = {
			isa = PBXGroup;
			children = (
				0A9E3B8F2C02000100A00001 /* ShelfStore.swift */,
				0A9E3B912C02000100A00001 /* ImportService.swift */,
			);
			path = Services;
			sourceTree = "<group>";
		};
		0A9E3B7C2C02000100A00001 /* Views */ = {
			isa = PBXGroup;
			children = (
				0A9E3B932C02000100A00001 /* ContentView.swift */,
				0A9E3B952C02000100A00001 /* ShelfItemRow.swift */,
				0A9E3B972C02000100A00001 /* ShelfDetailView.swift */,
				0A9E3B992C02000100A00001 /* QuickLookPreview.swift */,
			);
			path = Views;
			sourceTree = "<group>";
		};
/* End PBXGroup section */

/* Begin PBXNativeTarget section */
		0A9E3B762C02000100A00001 /* Barrel */ = {
			isa = PBXNativeTarget;
			buildConfigurationList = 0A9E3B872C02000100A00001 /* Build configuration list for PBXNativeTarget "Barrel" */;
			buildPhases = (
				0A9E3B732C02000100A00001 /* Sources */,
				0A9E3B742C02000100A00001 /* Frameworks */,
				0A9E3B752C02000100A00001 /* Resources */,
			);
			buildRules = (
			);
			dependencies = (
			);
			name = Barrel;
			productName = Barrel;
			productReference = 0A9E3B772C02000100A00001 /* Barrel.app */;
			productType = "com.apple.product-type.application";
		};
/* End PBXNativeTarget section */

/* Begin PBXProject section */
		0A9E3B6F2C02000100A00001 /* Project object */ = {
			isa = PBXProject;
			attributes = {
				BuildIndependentTargetsInParallel = 1;
				LastSwiftUpdateCheck = 1600;
				LastUpgradeCheck = 1600;
				TargetAttributes = {
					0A9E3B762C02000100A00001 = {
						CreatedOnToolsVersion = 16.0;
					};
				};
			};
			buildConfigurationList = 0A9E3B722C02000100A00001 /* Build configuration list for PBXProject "Barrel" */;
			compatibilityVersion = "Xcode 14.0";
			developmentRegion = en;
			hasScannedForEncodings = 0;
			knownRegions = (
				en,
				Base,
			);
			mainGroup = 0A9E3B6E2C02000100A00001;
			productRefGroup = 0A9E3B782C02000100A00001 /* Products */;
			projectDirPath = "";
			projectRoot = "";
			targets = (
				0A9E3B762C02000100A00001 /* Barrel */,
			);
		};
/* End PBXProject section */

/* Begin PBXResourcesBuildPhase section */
		0A9E3B752C02000100A00001 /* Resources */ = {
			isa = PBXResourcesBuildPhase;
			buildActionMask = 2147483647;
			files = (
				0A9E3B9C2C02000100A00001 /* Assets.xcassets in Resources */,
			);
			runOnlyForDeploymentPostprocessing = 0;
		};
/* End PBXResourcesBuildPhase section */

/* Begin PBXSourcesBuildPhase section */
		0A9E3B732C02000100A00001 /* Sources */ = {
			isa = PBXSourcesBuildPhase;
			buildActionMask = 2147483647;
			files = (
				0A9E3B8C2C02000100A00001 /* BarrelApp.swift in Sources */,
				0A9E3B8E2C02000100A00001 /* ShelfItem.swift in Sources */,
				0A9E3B902C02000100A00001 /* ShelfStore.swift in Sources */,
				0A9E3B922C02000100A00001 /* ImportService.swift in Sources */,
				0A9E3B942C02000100A00001 /* ContentView.swift in Sources */,
				0A9E3B962C02000100A00001 /* ShelfItemRow.swift in Sources */,
				0A9E3B982C02000100A00001 /* ShelfDetailView.swift in Sources */,
				0A9E3B9A2C02000100A00001 /* QuickLookPreview.swift in Sources */,
				0A9E3B9E2C02000100A00001 /* ShelfItem+Preview.swift in Sources */,
			);
			runOnlyForDeploymentPostprocessing = 0;
		};
/* End PBXSourcesBuildPhase section */

/* Begin XCBuildConfiguration section */
		0A9E3B852C02000100A00001 /* Debug */ = {
			isa = XCBuildConfiguration;
			buildSettings = {
				ALWAYS_SEARCH_USER_PATHS = NO;
				CLANG_ANALYZER_NONNULL = YES;
				CLANG_ANALYZER_NUMBER_OBJECT_CONVERSION = YES_AGGRESSIVE;
				CLANG_CXX_LANGUAGE_STANDARD = "gnu++20";
				CLANG_ENABLE_MODULES = YES;
				CLANG_ENABLE_OBJC_ARC = YES;
				CLANG_ENABLE_OBJC_WEAK = YES;
				CLANG_WARN_BLOCK_CAPTURE_AUTORELEASING = YES;
				CLANG_WARN_BOOL_CONVERSION = YES;
				CLANG_WARN_COMMA = YES;
				CLANG_WARN_CONSTANT_CONVERSION = YES;
				CLANG_WARN_DEPRECATED_OBJC_IMPLEMENTATIONS = YES;
				CLANG_WARN_DIRECT_OBJC_ISA_USAGE = YES_ERROR;
				CLANG_WARN_DOCUMENTATION_COMMENTS = YES;
				CLANG_WARN_EMPTY_BODY = YES;
				CLANG_WARN_ENUM_CONVERSION = YES;
				CLANG_WARN_INFINITE_RECURSION = YES;
				CLANG_WARN_INT_CONVERSION = YES;
				CLANG_WARN_NON_LITERAL_NULL_CONVERSION = YES;
				CLANG_WARN_OBJC_IMPLICIT_RETAIN_SELF = YES;
				CLANG_WARN_OBJC_LITERAL_CONVERSION = YES;
				CLANG_WARN_OBJC_ROOT_CLASS = YES_ERROR;
				CLANG_WARN_QUOTED_INCLUDE_IN_FRAMEWORK_HEADER = YES;
				CLANG_WARN_RANGE_LOOP_ANALYSIS = YES;
				CLANG_WARN_STRICT_PROTOTYPES = YES;
				CLANG_WARN_SUSPICIOUS_MOVE = YES;
				CLANG_WARN_UNGUARDED_AVAILABILITY = YES_AGGRESSIVE;
				CLANG_WARN_UNREACHABLE_CODE = YES;
				CLANG_WARN__DUPLICATE_METHOD_MATCH = YES;
				COPY_PHASE_STRIP = NO;
				DEBUG_INFORMATION_FORMAT = dwarf;
				ENABLE_STRICT_OBJC_MSGSEND = YES;
				ENABLE_TESTABILITY = YES;
				ENABLE_USER_SCRIPT_SANDBOXING = YES;
				GCC_C_LANGUAGE_STANDARD = gnu17;
				GCC_DYNAMIC_NO_PIC = NO;
				GCC_NO_COMMON_BLOCKS = YES;
				GCC_OPTIMIZATION_LEVEL = 0;
				GCC_PREPROCESSOR_DEFINITIONS = (
					"DEBUG=1",
					"$(inherited)",
				);
				GCC_WARN_64_TO_32_BIT_CONVERSION = YES;
				GCC_WARN_ABOUT_RETURN_TYPE = YES_ERROR;
				GCC_WARN_UNDECLARED_SELECTOR = YES;
				GCC_WARN_UNINITIALIZED_AUTOS = YES_AGGRESSIVE;
				GCC_WARN_UNUSED_FUNCTION = YES;
				GCC_WARN_UNUSED_VARIABLE = YES;
				IPHONEOS_DEPLOYMENT_TARGET = 17.0;
				MTL_ENABLE_DEBUG_INFO = INCLUDE_SOURCE;
				MTL_FAST_MATH = YES;
				ONLY_ACTIVE_ARCH = YES;
				SDKROOT = iphoneos;
				SWIFT_ACTIVE_COMPILATION_CONDITIONS = DEBUG;
				SWIFT_OPTIMIZATION_LEVEL = "-Onone";
			};
			name = Debug;
		};
		0A9E3B862C02000100A00001 /* Release */ = {
			isa = XCBuildConfiguration;
			buildSettings = {
				ALWAYS_SEARCH_USER_PATHS = NO;
				CLANG_ANALYZER_NONNULL = YES;
				CLANG_ANALYZER_NUMBER_OBJECT_CONVERSION = YES_AGGRESSIVE;
				CLANG_CXX_LANGUAGE_STANDARD = "gnu++20";
				CLANG_ENABLE_MODULES = YES;
				CLANG_ENABLE_OBJC_ARC = YES;
				CLANG_ENABLE_OBJC_WEAK = YES;
				CLANG_WARN_BLOCK_CAPTURE_AUTORELEASING = YES;
				CLANG_WARN_BOOL_CONVERSION = YES;
				CLANG_WARN_COMMA = YES;
				CLANG_WARN_CONSTANT_CONVERSION = YES;
				CLANG_WARN_DEPRECATED_OBJC_IMPLEMENTATIONS = YES;
				CLANG_WARN_DIRECT_OBJC_ISA_USAGE = YES_ERROR;
				CLANG_WARN_DOCUMENTATION_COMMENTS = YES;
				CLANG_WARN_EMPTY_BODY = YES;
				CLANG_WARN_ENUM_CONVERSION = YES;
				CLANG_WARN_INFINITE_RECURSION = YES;
				CLANG_WARN_INT_CONVERSION = YES;
				CLANG_WARN_NON_LITERAL_NULL_CONVERSION = YES;
				CLANG_WARN_OBJC_IMPLICIT_RETAIN_SELF = YES;
				CLANG_WARN_OBJC_LITERAL_CONVERSION = YES;
				CLANG_WARN_OBJC_ROOT_CLASS = YES_ERROR;
				CLANG_WARN_QUOTED_INCLUDE_IN_FRAMEWORK_HEADER = YES;
				CLANG_WARN_RANGE_LOOP_ANALYSIS = YES;
				CLANG_WARN_STRICT_PROTOTYPES = YES;
				CLANG_WARN_SUSPICIOUS_MOVE = YES;
				CLANG_WARN_UNGUARDED_AVAILABILITY = YES_AGGRESSIVE;
				CLANG_WARN_UNREACHABLE_CODE = YES;
				CLANG_WARN__DUPLICATE_METHOD_MATCH = YES;
				COPY_PHASE_STRIP = NO;
				DEBUG_INFORMATION_FORMAT = "dwarf-with-dsym";
				ENABLE_NS_ASSERTIONS = NO;
				ENABLE_STRICT_OBJC_MSGSEND = YES;
				ENABLE_USER_SCRIPT_SANDBOXING = YES;
				GCC_C_LANGUAGE_STANDARD = gnu17;
				GCC_NO_COMMON_BLOCKS = YES;
				GCC_WARN_64_TO_32_BIT_CONVERSION = YES;
				GCC_WARN_ABOUT_RETURN_TYPE = YES_ERROR;
				GCC_WARN_UNDECLARED_SELECTOR = YES;
				GCC_WARN_UNINITIALIZED_AUTOS = YES_AGGRESSIVE;
				GCC_WARN_UNUSED_FUNCTION = YES;
				GCC_WARN_UNUSED_VARIABLE = YES;
				IPHONEOS_DEPLOYMENT_TARGET = 17.0;
				MTL_ENABLE_DEBUG_INFO = NO;
				MTL_FAST_MATH = YES;
				SDKROOT = iphoneos;
				SWIFT_COMPILATION_MODE = wholemodule;
				VALIDATE_PRODUCT = YES;
			};
			name = Release;
		};
		0A9E3B882C02000100A00001 /* Debug */ = {
			isa = XCBuildConfiguration;
			buildSettings = {
				ASSETCATALOG_COMPILER_GLOBAL_ACCENT_COLOR_NAME = AccentColor;
				ASSETCATALOG_COMPILER_APPICON_NAME = AppIcon;
				CODE_SIGN_STYLE = Automatic;
				CURRENT_PROJECT_VERSION = 1;
				DEVELOPMENT_ASSET_PATHS = "";
				DEVELOPMENT_TEAM = "";
				GENERATE_INFOPLIST_FILE = NO;
				INFOPLIST_FILE = Barrel/Info.plist;
				IPHONEOS_DEPLOYMENT_TARGET = 17.0;
				LD_RUNPATH_SEARCH_PATHS = (
					"$(inherited)",
					"@executable_path/Frameworks",
				);
				MARKETING_VERSION = 1.0;
				PRODUCT_BUNDLE_IDENTIFIER = dev.bruno.barrel;
				PRODUCT_NAME = "$(TARGET_NAME)";
				SUPPORTED_PLATFORMS = "iphoneos iphonesimulator";
				SWIFT_EMIT_LOC_STRINGS = YES;
				SWIFT_VERSION = 5.0;
				TARGETED_DEVICE_FAMILY = "1,2";
			};
			name = Debug;
		};
		0A9E3B892C02000100A00001 /* Release */ = {
			isa = XCBuildConfiguration;
			buildSettings = {
				ASSETCATALOG_COMPILER_GLOBAL_ACCENT_COLOR_NAME = AccentColor;
				ASSETCATALOG_COMPILER_APPICON_NAME = AppIcon;
				CODE_SIGN_STYLE = Automatic;
				CURRENT_PROJECT_VERSION = 1;
				DEVELOPMENT_ASSET_PATHS = "";
				DEVELOPMENT_TEAM = "";
				GENERATE_INFOPLIST_FILE = NO;
				INFOPLIST_FILE = Barrel/Info.plist;
				IPHONEOS_DEPLOYMENT_TARGET = 17.0;
				LD_RUNPATH_SEARCH_PATHS = (
					"$(inherited)",
					"@executable_path/Frameworks",
				);
				MARKETING_VERSION = 1.0;
				PRODUCT_BUNDLE_IDENTIFIER = dev.bruno.barrel;
				PRODUCT_NAME = "$(TARGET_NAME)";
				SUPPORTED_PLATFORMS = "iphoneos iphonesimulator";
				SWIFT_EMIT_LOC_STRINGS = YES;
				SWIFT_VERSION = 5.0;
				TARGETED_DEVICE_FAMILY = "1,2";
			};
			name = Release;
		};
/* End XCBuildConfiguration section */

/* Begin XCConfigurationList section */
		0A9E3B722C02000100A00001 /* Build configuration list for PBXProject "Barrel" */ = {
			isa = XCConfigurationList;
			buildConfigurations = (
				0A9E3B852C02000100A00001 /* Debug */,
				0A9E3B862C02000100A00001 /* Release */,
			);
			defaultConfigurationIsVisible = 0;
			defaultConfigurationName = Release;
		};
		0A9E3B872C02000100A00001 /* Build configuration list for PBXNativeTarget "Barrel" */ = {
			isa = XCConfigurationList;
			buildConfigurations = (
				0A9E3B882C02000100A00001 /* Debug */,
				0A9E3B892C02000100A00001 /* Release */,
			);
			defaultConfigurationIsVisible = 0;
			defaultConfigurationName = Release;
		};
/* End XCConfigurationList section */
	};
	rootObject = 0A9E3B6F2C02000100A00001 /* Project object */;
}
